
Microsoft Visual Studio Solution File, Format Version 12.00
# Visual Studio 15
VisualStudioVersion = 15.0.27428.2015
MinimumVisualStudioVersion = 10.0.40219.1
Project("{FAE04EC0-301F-11D3-BF4B-00C04F79EFBC}") = "LinQ_Tutorial_9_Filtering_Data", "LinQ_Tutorial_9_Filtering_Data\LinQ_Tutorial_9_Filtering_Data.csproj", "{03E034E3-9349-4EB5-BAB3-0D6266E80011}"
EndProject
Global
	GlobalSection(SolutionConfigurationPlatforms) = preSolution
		Debug|Any CPU = Debug|Any CPU
		Release|Any CPU = Release|Any CPU
	EndGlobalSection
	GlobalSection(ProjectConfigurationPlatforms) = postSolution
		{03E034E3-9349-4EB5-BAB3-0D6266E80011}.Debug|Any CPU.ActiveCfg = Debug|Any CPU
		{03E034E3-9349-4EB5-BAB3-0D6266E80011}.Debug|Any CPU.Build.0 = Debug|Any CPU
		{03E034E3-9349-4EB5-BAB3-0D6266E80011}.Release|Any CPU.ActiveCfg = Release|Any CPU
		{03E034E3-9349-4EB5-BAB3-0D6266E80011}.Release|Any CPU.Build.0 = Release|Any CPU
	EndGlobalSection
	GlobalSection(SolutionProperties) = preSolution
		HideSolutionNode = FALSE
	EndGlobalSection
	GlobalSection(ExtensibilityGlobals) = postSolution
		SolutionGuid = {866D2990-56EB-47A5-9DC2-415E4658F84B}
	EndGlobalSection
EndGlobal
