
Microsoft Visual Studio Solution File, Format Version 12.00
# Visual Studio 15
VisualStudioVersion = 15.0.27428.2015
MinimumVisualStudioVersion = 10.0.40219.1
Project("{FAE04EC0-301F-11D3-BF4B-00C04F79EFBC}") = "LinkP6", "LinkP6\LinkP6.csproj", "{1C33EF1F-8089-400B-988C-C706149FC5A6}"
EndProject
Global
	GlobalSection(SolutionConfigurationPlatforms) = preSolution
		Debug|Any CPU = Debug|Any CPU
		Release|Any CPU = Release|Any CPU
	EndGlobalSection
	GlobalSection(ProjectConfigurationPlatforms) = postSolution
		{1C33EF1F-8089-400B-988C-C706149FC5A6}.Debug|Any CPU.ActiveCfg = Debug|Any CPU
		{1C33EF1F-8089-400B-988C-C706149FC5A6}.Debug|Any CPU.Build.0 = Debug|Any CPU
		{1C33EF1F-8089-400B-988C-C706149FC5A6}.Release|Any CPU.ActiveCfg = Release|Any CPU
		{1C33EF1F-8089-400B-988C-C706149FC5A6}.Release|Any CPU.Build.0 = Release|Any CPU
	EndGlobalSection
	GlobalSection(SolutionProperties) = preSolution
		HideSolutionNode = FALSE
	EndGlobalSection
	GlobalSection(ExtensibilityGlobals) = postSolution
		SolutionGuid = {EB10B29D-CD57-4DC1-9D37-9089EA0F7EFF}
	EndGlobalSection
EndGlobal
